
Microsoft Visual Studio Solution File, Format Version 12.00
# Visual Studio 15
VisualStudioVersion = 15.0.28307.539
MinimumVisualStudioVersion = 10.0.40219.1
Project("{FAE04EC0-301F-11D3-BF4B-00C04F79EFBC}") = "LabWorkGit", "LabWorkGit\LabWorkGit.csproj", "{8615D489-021B-4A22-9A15-32DFCD956785}"
EndProject
Global
	GlobalSection(SolutionConfigurationPlatforms) = preSolution
		Debug|Any CPU = Debug|Any CPU
		Release|Any CPU = Release|Any CPU
	EndGlobalSection
	GlobalSection(ProjectConfigurationPlatforms) = postSolution
		{8615D489-021B-4A22-9A15-32DFCD956785}.Debug|Any CPU.ActiveCfg = Debug|Any CPU
		{8615D489-021B-4A22-9A15-32DFCD956785}.Debug|Any CPU.Build.0 = Debug|Any CPU
		{8615D489-021B-4A22-9A15-32DFCD956785}.Release|Any CPU.ActiveCfg = Release|Any CPU
		{8615D489-021B-4A22-9A15-32DFCD956785}.Release|Any CPU.Build.0 = Release|Any CPU
	EndGlobalSection
	GlobalSection(SolutionProperties) = preSolution
		HideSolutionNode = FALSE
	EndGlobalSection
	GlobalSection(ExtensibilityGlobals) = postSolution
		SolutionGuid = {0BC846D5-D4D5-487F-89A6-59E8FD1A2D5F}
	EndGlobalSection
EndGlobal
